
Microsoft Visual Studio Solution File, Format Version 12.00
# Visual Studio Version 17
VisualStudioVersion = 17.5.002.0
MinimumVisualStudioVersion = 10.0.40219.1
Project("{9A19103F-16F7-4668-BE54-9A1E7A4F7556}") = "aulasC#", "aulasC#.csproj", "{6363C899-8C39-49EF-900A-E8B567742294}"
EndProject
Global
	GlobalSection(SolutionConfigurationPlatforms) = preSolution
		Debug|Any CPU = Debug|Any CPU
		Release|Any CPU = Release|Any CPU
	EndGlobalSection
	GlobalSection(ProjectConfigurationPlatforms) = postSolution
		{6363C899-8C39-49EF-900A-E8B567742294}.Debug|Any CPU.ActiveCfg = Debug|Any CPU
		{6363C899-8C39-49EF-900A-E8B567742294}.Debug|Any CPU.Build.0 = Debug|Any CPU
		{6363C899-8C39-49EF-900A-E8B567742294}.Release|Any CPU.ActiveCfg = Release|Any CPU
		{6363C899-8C39-49EF-900A-E8B567742294}.Release|Any CPU.Build.0 = Release|Any CPU
	EndGlobalSection
	GlobalSection(SolutionProperties) = preSolution
		HideSolutionNode = FALSE
	EndGlobalSection
	GlobalSection(ExtensibilityGlobals) = postSolution
		SolutionGuid = {C57894FE-A80C-468D-8E55-835CDACC10C3}
	EndGlobalSection
EndGlobal
