
Microsoft Visual Studio Solution File, Format Version 12.00
# Visual Studio Version 17
VisualStudioVersion = 17.5.002.0
MinimumVisualStudioVersion = 10.0.40219.1
Project("{2150E333-8FDC-42A3-9474-1A3956D46DE8}") = "aulasC#", "aulasC#", "{CB586CFF-FF0F-4A0F-80A7-3C42BA15A5AE}"
EndProject
Project("{9A19103F-16F7-4668-BE54-9A1E7A4F7556}") = "arrays", "aulasC#\arrays\arrays.csproj", "{ACDED24B-66E9-44A3-BB05-CF30CEDC581F}"
EndProject
Project("{9A19103F-16F7-4668-BE54-9A1E7A4F7556}") = "enum", "aulasC#\Enum\enum.csproj", "{FCBEA889-06D3-4744-A070-8125FB1D75C9}"
EndProject
Project("{9A19103F-16F7-4668-BE54-9A1E7A4F7556}") = "Foreach", "aulasC#\Foreach\Foreach.csproj", "{F6A8CE7B-69FA-4D1A-A00D-CDC1E877278F}"
EndProject
Project("{9A19103F-16F7-4668-BE54-9A1E7A4F7556}") = "funções", "aulasC#\funções\funções.csproj", "{31FC892C-6C2A-49D2-9409-8EA1A4D625B1}"
EndProject
Project("{2150E333-8FDC-42A3-9474-1A3956D46DE8}") = "exercícios", "exercícios", "{0B549D4C-A590-4EDA-B168-5336541487D5}"
EndProject
Project("{9A19103F-16F7-4668-BE54-9A1E7A4F7556}") = "ex01", "exercícios\ex01\ex01.csproj", "{FA1FB4FF-B676-44E8-96C7-17E451BE67B8}"
EndProject
Project("{9A19103F-16F7-4668-BE54-9A1E7A4F7556}") = "ex02", "exercícios\ex02\ex02.csproj", "{9AB6C3D5-781C-42D5-8051-84425AFE06A5}"
EndProject
Project("{9A19103F-16F7-4668-BE54-9A1E7A4F7556}") = "ex03", "exercícios\ex03\ex03.csproj", "{7F423CD8-207E-4079-8B64-C6378DA16BDF}"
EndProject
Project("{9A19103F-16F7-4668-BE54-9A1E7A4F7556}") = "ex04", "exercícios\ex04\ex04.csproj", "{2FE91FD5-308C-40D6-AFD7-CFD8773F8BEA}"
EndProject
Project("{9A19103F-16F7-4668-BE54-9A1E7A4F7556}") = "ex05", "exercícios\ex05\ex05.csproj", "{63D317A5-B25C-45F6-8F5A-88C5D687E43F}"
EndProject
Project("{9A19103F-16F7-4668-BE54-9A1E7A4F7556}") = "ex06", "exercícios\ex06\ex06.csproj", "{BFF36449-F933-4BC5-AA16-73754E1416F4}"
EndProject
Project("{9A19103F-16F7-4668-BE54-9A1E7A4F7556}") = "ex07", "exercícios\ex07\ex07.csproj", "{72849DE8-A4BD-4106-854B-D3EDB7085D83}"
EndProject
Project("{9A19103F-16F7-4668-BE54-9A1E7A4F7556}") = "ex08", "exercícios\ex08\ex08.csproj", "{70A100DF-AE05-4138-A132-C61D07096208}"
EndProject
Project("{9A19103F-16F7-4668-BE54-9A1E7A4F7556}") = "ex09", "exercícios\ex09\ex09.csproj", "{8BB3879C-5570-49C0-B231-83C165A1F3A8}"
EndProject
Project("{9A19103F-16F7-4668-BE54-9A1E7A4F7556}") = "ex10", "exercícios\ex10\ex10.csproj", "{32D05BFA-32F0-46FF-92EF-21C15C781CF5}"
EndProject
Project("{2150E333-8FDC-42A3-9474-1A3956D46DE8}") = "Poo", "Poo", "{FD4A42A5-B59A-4A92-A0FD-E45CF92E2BF8}"
EndProject
Project("{9A19103F-16F7-4668-BE54-9A1E7A4F7556}") = "Trabalho01(num_par)", "Poo\Trabalho01(num_par)\Trabalho01(num_par).csproj", "{6DFEB21E-3B42-4AA5-A601-A12A8D68A041}"
EndProject
Project("{9A19103F-16F7-4668-BE54-9A1E7A4F7556}") = "Trabalho02(calculadora)", "Poo\Trabalho02(calculadora)\Trabalho02(calculadora).csproj", "{7C8FD235-0EA8-449B-8CC9-B666061B0918}"
EndProject
Global
	GlobalSection(SolutionConfigurationPlatforms) = preSolution
		Debug|Any CPU = Debug|Any CPU
		Release|Any CPU = Release|Any CPU
	EndGlobalSection
	GlobalSection(ProjectConfigurationPlatforms) = postSolution
		{ACDED24B-66E9-44A3-BB05-CF30CEDC581F}.Debug|Any CPU.ActiveCfg = Debug|Any CPU
		{ACDED24B-66E9-44A3-BB05-CF30CEDC581F}.Debug|Any CPU.Build.0 = Debug|Any CPU
		{ACDED24B-66E9-44A3-BB05-CF30CEDC581F}.Release|Any CPU.ActiveCfg = Release|Any CPU
		{ACDED24B-66E9-44A3-BB05-CF30CEDC581F}.Release|Any CPU.Build.0 = Release|Any CPU
		{FCBEA889-06D3-4744-A070-8125FB1D75C9}.Debug|Any CPU.ActiveCfg = Debug|Any CPU
		{FCBEA889-06D3-4744-A070-8125FB1D75C9}.Debug|Any CPU.Build.0 = Debug|Any CPU
		{FCBEA889-06D3-4744-A070-8125FB1D75C9}.Release|Any CPU.ActiveCfg = Release|Any CPU
		{FCBEA889-06D3-4744-A070-8125FB1D75C9}.Release|Any CPU.Build.0 = Release|Any CPU
		{F6A8CE7B-69FA-4D1A-A00D-CDC1E877278F}.Debug|Any CPU.ActiveCfg = Debug|Any CPU
		{F6A8CE7B-69FA-4D1A-A00D-CDC1E877278F}.Debug|Any CPU.Build.0 = Debug|Any CPU
		{F6A8CE7B-69FA-4D1A-A00D-CDC1E877278F}.Release|Any CPU.ActiveCfg = Release|Any CPU
		{F6A8CE7B-69FA-4D1A-A00D-CDC1E877278F}.Release|Any CPU.Build.0 = Release|Any CPU
		{31FC892C-6C2A-49D2-9409-8EA1A4D625B1}.Debug|Any CPU.ActiveCfg = Debug|Any CPU
		{31FC892C-6C2A-49D2-9409-8EA1A4D625B1}.Debug|Any CPU.Build.0 = Debug|Any CPU
		{31FC892C-6C2A-49D2-9409-8EA1A4D625B1}.Release|Any CPU.ActiveCfg = Release|Any CPU
		{31FC892C-6C2A-49D2-9409-8EA1A4D625B1}.Release|Any CPU.Build.0 = Release|Any CPU
		{FA1FB4FF-B676-44E8-96C7-17E451BE67B8}.Debug|Any CPU.ActiveCfg = Debug|Any CPU
		{FA1FB4FF-B676-44E8-96C7-17E451BE67B8}.Debug|Any CPU.Build.0 = Debug|Any CPU
		{FA1FB4FF-B676-44E8-96C7-17E451BE67B8}.Release|Any CPU.ActiveCfg = Release|Any CPU
		{FA1FB4FF-B676-44E8-96C7-17E451BE67B8}.Release|Any CPU.Build.0 = Release|Any CPU
		{9AB6C3D5-781C-42D5-8051-84425AFE06A5}.Debug|Any CPU.ActiveCfg = Debug|Any CPU
		{9AB6C3D5-781C-42D5-8051-84425AFE06A5}.Debug|Any CPU.Build.0 = Debug|Any CPU
		{9AB6C3D5-781C-42D5-8051-84425AFE06A5}.Release|Any CPU.ActiveCfg = Release|Any CPU
		{9AB6C3D5-781C-42D5-8051-84425AFE06A5}.Release|Any CPU.Build.0 = Release|Any CPU
		{7F423CD8-207E-4079-8B64-C6378DA16BDF}.Debug|Any CPU.ActiveCfg = Debug|Any CPU
		{7F423CD8-207E-4079-8B64-C6378DA16BDF}.Debug|Any CPU.Build.0 = Debug|Any CPU
		{7F423CD8-207E-4079-8B64-C6378DA16BDF}.Release|Any CPU.ActiveCfg = Release|Any CPU
		{7F423CD8-207E-4079-8B64-C6378DA16BDF}.Release|Any CPU.Build.0 = Release|Any CPU
		{2FE91FD5-308C-40D6-AFD7-CFD8773F8BEA}.Debug|Any CPU.ActiveCfg = Debug|Any CPU
		{2FE91FD5-308C-40D6-AFD7-CFD8773F8BEA}.Debug|Any CPU.Build.0 = Debug|Any CPU
		{2FE91FD5-308C-40D6-AFD7-CFD8773F8BEA}.Release|Any CPU.ActiveCfg = Release|Any CPU
		{2FE91FD5-308C-40D6-AFD7-CFD8773F8BEA}.Release|Any CPU.Build.0 = Release|Any CPU
		{63D317A5-B25C-45F6-8F5A-88C5D687E43F}.Debug|Any CPU.ActiveCfg = Debug|Any CPU
		{63D317A5-B25C-45F6-8F5A-88C5D687E43F}.Debug|Any CPU.Build.0 = Debug|Any CPU
		{63D317A5-B25C-45F6-8F5A-88C5D687E43F}.Release|Any CPU.ActiveCfg = Release|Any CPU
		{63D317A5-B25C-45F6-8F5A-88C5D687E43F}.Release|Any CPU.Build.0 = Release|Any CPU
		{BFF36449-F933-4BC5-AA16-73754E1416F4}.Debug|Any CPU.ActiveCfg = Debug|Any CPU
		{BFF36449-F933-4BC5-AA16-73754E1416F4}.Debug|Any CPU.Build.0 = Debug|Any CPU
		{BFF36449-F933-4BC5-AA16-73754E1416F4}.Release|Any CPU.ActiveCfg = Release|Any CPU
		{BFF36449-F933-4BC5-AA16-73754E1416F4}.Release|Any CPU.Build.0 = Release|Any CPU
		{72849DE8-A4BD-4106-854B-D3EDB7085D83}.Debug|Any CPU.ActiveCfg = Debug|Any CPU
		{72849DE8-A4BD-4106-854B-D3EDB7085D83}.Debug|Any CPU.Build.0 = Debug|Any CPU
		{72849DE8-A4BD-4106-854B-D3EDB7085D83}.Release|Any CPU.ActiveCfg = Release|Any CPU
		{72849DE8-A4BD-4106-854B-D3EDB7085D83}.Release|Any CPU.Build.0 = Release|Any CPU
		{70A100DF-AE05-4138-A132-C61D07096208}.Debug|Any CPU.ActiveCfg = Debug|Any CPU
		{70A100DF-AE05-4138-A132-C61D07096208}.Debug|Any CPU.Build.0 = Debug|Any CPU
		{70A100DF-AE05-4138-A132-C61D07096208}.Release|Any CPU.ActiveCfg = Release|Any CPU
		{70A100DF-AE05-4138-A132-C61D07096208}.Release|Any CPU.Build.0 = Release|Any CPU
		{8BB3879C-5570-49C0-B231-83C165A1F3A8}.Debug|Any CPU.ActiveCfg = Debug|Any CPU
		{8BB3879C-5570-49C0-B231-83C165A1F3A8}.Debug|Any CPU.Build.0 = Debug|Any CPU
		{8BB3879C-5570-49C0-B231-83C165A1F3A8}.Release|Any CPU.ActiveCfg = Release|Any CPU
		{8BB3879C-5570-49C0-B231-83C165A1F3A8}.Release|Any CPU.Build.0 = Release|Any CPU
		{32D05BFA-32F0-46FF-92EF-21C15C781CF5}.Debug|Any CPU.ActiveCfg = Debug|Any CPU
		{32D05BFA-32F0-46FF-92EF-21C15C781CF5}.Debug|Any CPU.Build.0 = Debug|Any CPU
		{32D05BFA-32F0-46FF-92EF-21C15C781CF5}.Release|Any CPU.ActiveCfg = Release|Any CPU
		{32D05BFA-32F0-46FF-92EF-21C15C781CF5}.Release|Any CPU.Build.0 = Release|Any CPU
		{6DFEB21E-3B42-4AA5-A601-A12A8D68A041}.Debug|Any CPU.ActiveCfg = Debug|Any CPU
		{6DFEB21E-3B42-4AA5-A601-A12A8D68A041}.Debug|Any CPU.Build.0 = Debug|Any CPU
		{6DFEB21E-3B42-4AA5-A601-A12A8D68A041}.Release|Any CPU.ActiveCfg = Release|Any CPU
		{6DFEB21E-3B42-4AA5-A601-A12A8D68A041}.Release|Any CPU.Build.0 = Release|Any CPU
		{7C8FD235-0EA8-449B-8CC9-B666061B0918}.Debug|Any CPU.ActiveCfg = Debug|Any CPU
		{7C8FD235-0EA8-449B-8CC9-B666061B0918}.Debug|Any CPU.Build.0 = Debug|Any CPU
		{7C8FD235-0EA8-449B-8CC9-B666061B0918}.Release|Any CPU.ActiveCfg = Release|Any CPU
		{7C8FD235-0EA8-449B-8CC9-B666061B0918}.Release|Any CPU.Build.0 = Release|Any CPU
	EndGlobalSection
	GlobalSection(SolutionProperties) = preSolution
		HideSolutionNode = FALSE
	EndGlobalSection
	GlobalSection(NestedProjects) = preSolution
		{ACDED24B-66E9-44A3-BB05-CF30CEDC581F} = {CB586CFF-FF0F-4A0F-80A7-3C42BA15A5AE}
		{FCBEA889-06D3-4744-A070-8125FB1D75C9} = {CB586CFF-FF0F-4A0F-80A7-3C42BA15A5AE}
		{F6A8CE7B-69FA-4D1A-A00D-CDC1E877278F} = {CB586CFF-FF0F-4A0F-80A7-3C42BA15A5AE}
		{31FC892C-6C2A-49D2-9409-8EA1A4D625B1} = {CB586CFF-FF0F-4A0F-80A7-3C42BA15A5AE}
		{FA1FB4FF-B676-44E8-96C7-17E451BE67B8} = {0B549D4C-A590-4EDA-B168-5336541487D5}
		{9AB6C3D5-781C-42D5-8051-84425AFE06A5} = {0B549D4C-A590-4EDA-B168-5336541487D5}
		{7F423CD8-207E-4079-8B64-C6378DA16BDF} = {0B549D4C-A590-4EDA-B168-5336541487D5}
		{2FE91FD5-308C-40D6-AFD7-CFD8773F8BEA} = {0B549D4C-A590-4EDA-B168-5336541487D5}
		{63D317A5-B25C-45F6-8F5A-88C5D687E43F} = {0B549D4C-A590-4EDA-B168-5336541487D5}
		{BFF36449-F933-4BC5-AA16-73754E1416F4} = {0B549D4C-A590-4EDA-B168-5336541487D5}
		{72849DE8-A4BD-4106-854B-D3EDB7085D83} = {0B549D4C-A590-4EDA-B168-5336541487D5}
		{70A100DF-AE05-4138-A132-C61D07096208} = {0B549D4C-A590-4EDA-B168-5336541487D5}
		{8BB3879C-5570-49C0-B231-83C165A1F3A8} = {0B549D4C-A590-4EDA-B168-5336541487D5}
		{32D05BFA-32F0-46FF-92EF-21C15C781CF5} = {0B549D4C-A590-4EDA-B168-5336541487D5}
		{6DFEB21E-3B42-4AA5-A601-A12A8D68A041} = {FD4A42A5-B59A-4A92-A0FD-E45CF92E2BF8}
		{7C8FD235-0EA8-449B-8CC9-B666061B0918} = {FD4A42A5-B59A-4A92-A0FD-E45CF92E2BF8}
	EndGlobalSection
	GlobalSection(ExtensibilityGlobals) = postSolution
		SolutionGuid = {AFD117C7-83C7-4C81-B2F3-9362603BD91D}
	EndGlobalSection
EndGlobal
